
Microsoft Visual Studio Solution File, Format Version 12.00
# Visual Studio Version 17
VisualStudioVersion = 17.0.32112.339
MinimumVisualStudioVersion = 10.0.40219.1
Project("{2150E333-8FDC-42A3-9474-1A3956D46DE8}") = "src", "src", "{816B7E36-CF9E-4226-A526-D0819D0B485C}"
EndProject
Project("{2150E333-8FDC-42A3-9474-1A3956D46DE8}") = "test", "test", "{7BEA0305-CB55-4793-A8AE-1EE4F54DD095}"
EndProject
Project("{FAE04EC0-301F-11D3-BF4B-00C04F79EFBC}") = "WebApiCrudApplication", "src\WebApiCrudApplication\WebApiCrudApplication.csproj", "{2321AF78-AFDA-4B06-8CA6-B3E061FCA712}"
EndProject
Global
	GlobalSection(SolutionConfigurationPlatforms) = preSolution
		Debug|Any CPU = Debug|Any CPU
		Release|Any CPU = Release|Any CPU
	EndGlobalSection
	GlobalSection(ProjectConfigurationPlatforms) = postSolution
		{2321AF78-AFDA-4B06-8CA6-B3E061FCA712}.Debug|Any CPU.ActiveCfg = Debug|Any CPU
		{2321AF78-AFDA-4B06-8CA6-B3E061FCA712}.Debug|Any CPU.Build.0 = Debug|Any CPU
		{2321AF78-AFDA-4B06-8CA6-B3E061FCA712}.Release|Any CPU.ActiveCfg = Release|Any CPU
		{2321AF78-AFDA-4B06-8CA6-B3E061FCA712}.Release|Any CPU.Build.0 = Release|Any CPU
	EndGlobalSection
	GlobalSection(SolutionProperties) = preSolution
		HideSolutionNode = FALSE
	EndGlobalSection
	GlobalSection(NestedProjects) = preSolution
		{2321AF78-AFDA-4B06-8CA6-B3E061FCA712} = {816B7E36-CF9E-4226-A526-D0819D0B485C}
	EndGlobalSection
	GlobalSection(ExtensibilityGlobals) = postSolution
		SolutionGuid = {AD7AC7F0-7386-447E-B311-33171F925EB4}
	EndGlobalSection
EndGlobal
